
Microsoft Visual Studio Solution File, Format Version 11.00
# Visual C# Express 2010
Project("{FAE04EC0-301F-11D3-BF4B-00C04F79EFBC}") = "CaesarCipher", "CaesarCipher\CaesarCipher.csproj", "{F79268AC-F1C1-4415-A99C-ABF208ED42B3}"
EndProject
Global
	GlobalSection(SolutionConfigurationPlatforms) = preSolution
		Debug|x86 = Debug|x86
		Release|x86 = Release|x86
	EndGlobalSection
	GlobalSection(ProjectConfigurationPlatforms) = postSolution
		{F79268AC-F1C1-4415-A99C-ABF208ED42B3}.Debug|x86.ActiveCfg = Debug|x86
		{F79268AC-F1C1-4415-A99C-ABF208ED42B3}.Debug|x86.Build.0 = Debug|x86
		{F79268AC-F1C1-4415-A99C-ABF208ED42B3}.Release|x86.ActiveCfg = Release|x86
		{F79268AC-F1C1-4415-A99C-ABF208ED42B3}.Release|x86.Build.0 = Release|x86
	EndGlobalSection
	GlobalSection(SolutionProperties) = preSolution
		HideSolutionNode = FALSE
	EndGlobalSection
EndGlobal
